# This file is automatically @generated by Cargo.
# It is not intended for manual editing.
version = 3

[[package]]
name = "annotate-snippets"
version = "0.10.1"
source = "registry+https://github.com/rust-lang/crates.io-index"
checksum = "0a433302f833baa830c0092100c481c7ea768c5981a3c36f549517a502f246dd"
dependencies = [
 "anstyle",
 "unicode-width",
]

[[package]]
name = "anstyle"
version = "1.0.4"
source = "registry+https://github.com/rust-lang/crates.io-index"
checksum = "7079075b41f533b8c61d2a4d073c4676e1f8b249ff94a393b0595db304e0dd87"

[[package]]
name = "smir_diagnostics"
version = "0.1.0"
dependencies = [
 "annotate-snippets",
]

[[package]]
name = "unicode-width"
version = "0.1.11"
source = "registry+https://github.com/rust-lang/crates.io-index"
checksum = "e51733f11c9c4f72aa0c160008246859e340b00807569a0da0e7a1079b27ba85"
